{
  "name": "colorpalette",
  "version": "0.1.0",
  "lockfileVersion": 1,
  "requires": true,
  "dependencies": {
    "luum": {
      "version": "0.0.2",
      "resolved": "https://registry.npmjs.org/luum/-/luum-0.0.2.tgz",
      "integrity": "sha512-Yx6hEvwwHwnGl4MTJVW5b/rNCurjGbVjxfJ7Xtg9JYUo8AHWQPWLOwKhe0PPjlmLVVQV6dGhKPJJaAAsPRp+9g==",
      "dev": true
    }
  }
}
